
Microsoft Visual Studio Solution File, Format Version 12.00
# Visual Studio 2012
Project("{FAE04EC0-301F-11D3-BF4B-00C04F79EFBC}") = "CloudBall", "CloudBall\CloudBall\CloudBall.csproj", "{482F55D6-B34F-4969-BADA-C2246DBE71E8}"
EndProject
Project("{FAE04EC0-301F-11D3-BF4B-00C04F79EFBC}") = "CloudBallContent", "CloudBall\CloudBallContent\CloudBallContent.contentproj", "{32F18D77-239C-4CAE-8FA1-E066FF5FD150}"
EndProject
Project("{FAE04EC0-301F-11D3-BF4B-00C04F79EFBC}") = "TeamOne", "TeamOne\TeamOne.csproj", "{45383A68-55E1-4051-B460-459940327D96}"
EndProject
Project("{FAE04EC0-301F-11D3-BF4B-00C04F79EFBC}") = "TeamTwo", "TeamTwo\TeamTwo.csproj", "{B9F1798B-725A-41A3-8C95-B1918D8A614F}"
EndProject
Project("{FAE04EC0-301F-11D3-BF4B-00C04F79EFBC}") = "TeamYojig", "TeamYojig\TeamYojig.csproj", "{09A7AB14-0B20-4DAF-B5FB-E921FA3041A7}"
EndProject
Project("{FAE04EC0-301F-11D3-BF4B-00C04F79EFBC}") = "TeamRNA", "TeamRNA\TeamRNA.csproj", "{6E38E6A9-C148-4063-90BC-3E2F0036E4FF}"
EndProject
Project("{FAE04EC0-301F-11D3-BF4B-00C04F79EFBC}") = "Tests", "Tests\Tests.csproj", "{B72BC187-1BE4-4A3D-A7ED-09F9E759455B}"
EndProject
Project("{2150E333-8FDC-42A3-9474-1A3956D46DE8}") = "Solution Items", "Solution Items", "{2CFD52B7-2A7A-4108-BDE2-7A074F010725}"
	ProjectSection(SolutionItems) = preProject
		Performance1.psess = Performance1.psess
	EndProjectSection
EndProject
Global
	GlobalSection(SolutionConfigurationPlatforms) = preSolution
		Debug|Any CPU = Debug|Any CPU
		Debug|Mixed Platforms = Debug|Mixed Platforms
		Debug|x86 = Debug|x86
		Release|Any CPU = Release|Any CPU
		Release|Mixed Platforms = Release|Mixed Platforms
		Release|x86 = Release|x86
	EndGlobalSection
	GlobalSection(ProjectConfigurationPlatforms) = postSolution
		{482F55D6-B34F-4969-BADA-C2246DBE71E8}.Debug|Any CPU.ActiveCfg = Debug|x86
		{482F55D6-B34F-4969-BADA-C2246DBE71E8}.Debug|Mixed Platforms.ActiveCfg = Debug|x86
		{482F55D6-B34F-4969-BADA-C2246DBE71E8}.Debug|Mixed Platforms.Build.0 = Debug|x86
		{482F55D6-B34F-4969-BADA-C2246DBE71E8}.Debug|x86.ActiveCfg = Debug|x86
		{482F55D6-B34F-4969-BADA-C2246DBE71E8}.Debug|x86.Build.0 = Debug|x86
		{482F55D6-B34F-4969-BADA-C2246DBE71E8}.Release|Any CPU.ActiveCfg = Release|x86
		{482F55D6-B34F-4969-BADA-C2246DBE71E8}.Release|Mixed Platforms.ActiveCfg = Release|x86
		{482F55D6-B34F-4969-BADA-C2246DBE71E8}.Release|Mixed Platforms.Build.0 = Release|x86
		{482F55D6-B34F-4969-BADA-C2246DBE71E8}.Release|x86.ActiveCfg = Release|x86
		{482F55D6-B34F-4969-BADA-C2246DBE71E8}.Release|x86.Build.0 = Release|x86
		{32F18D77-239C-4CAE-8FA1-E066FF5FD150}.Debug|Any CPU.ActiveCfg = Debug|x86
		{32F18D77-239C-4CAE-8FA1-E066FF5FD150}.Debug|Mixed Platforms.ActiveCfg = Debug|x86
		{32F18D77-239C-4CAE-8FA1-E066FF5FD150}.Debug|x86.ActiveCfg = Debug|x86
		{32F18D77-239C-4CAE-8FA1-E066FF5FD150}.Release|Any CPU.ActiveCfg = Release|x86
		{32F18D77-239C-4CAE-8FA1-E066FF5FD150}.Release|Mixed Platforms.ActiveCfg = Release|x86
		{32F18D77-239C-4CAE-8FA1-E066FF5FD150}.Release|x86.ActiveCfg = Release|x86
		{45383A68-55E1-4051-B460-459940327D96}.Debug|Any CPU.ActiveCfg = Debug|Any CPU
		{45383A68-55E1-4051-B460-459940327D96}.Debug|Any CPU.Build.0 = Debug|Any CPU
		{45383A68-55E1-4051-B460-459940327D96}.Debug|Mixed Platforms.ActiveCfg = Debug|Any CPU
		{45383A68-55E1-4051-B460-459940327D96}.Debug|Mixed Platforms.Build.0 = Debug|Any CPU
		{45383A68-55E1-4051-B460-459940327D96}.Debug|x86.ActiveCfg = Debug|Any CPU
		{45383A68-55E1-4051-B460-459940327D96}.Release|Any CPU.ActiveCfg = Release|Any CPU
		{45383A68-55E1-4051-B460-459940327D96}.Release|Any CPU.Build.0 = Release|Any CPU
		{45383A68-55E1-4051-B460-459940327D96}.Release|Mixed Platforms.ActiveCfg = Release|Any CPU
		{45383A68-55E1-4051-B460-459940327D96}.Release|Mixed Platforms.Build.0 = Release|Any CPU
		{45383A68-55E1-4051-B460-459940327D96}.Release|x86.ActiveCfg = Release|Any CPU
		{B9F1798B-725A-41A3-8C95-B1918D8A614F}.Debug|Any CPU.ActiveCfg = Debug|Any CPU
		{B9F1798B-725A-41A3-8C95-B1918D8A614F}.Debug|Any CPU.Build.0 = Debug|Any CPU
		{B9F1798B-725A-41A3-8C95-B1918D8A614F}.Debug|Mixed Platforms.ActiveCfg = Debug|Any CPU
		{B9F1798B-725A-41A3-8C95-B1918D8A614F}.Debug|Mixed Platforms.Build.0 = Debug|Any CPU
		{B9F1798B-725A-41A3-8C95-B1918D8A614F}.Debug|x86.ActiveCfg = Debug|Any CPU
		{B9F1798B-725A-41A3-8C95-B1918D8A614F}.Release|Any CPU.ActiveCfg = Release|Any CPU
		{B9F1798B-725A-41A3-8C95-B1918D8A614F}.Release|Any CPU.Build.0 = Release|Any CPU
		{B9F1798B-725A-41A3-8C95-B1918D8A614F}.Release|Mixed Platforms.ActiveCfg = Release|Any CPU
		{B9F1798B-725A-41A3-8C95-B1918D8A614F}.Release|Mixed Platforms.Build.0 = Release|Any CPU
		{B9F1798B-725A-41A3-8C95-B1918D8A614F}.Release|x86.ActiveCfg = Release|Any CPU
		{09A7AB14-0B20-4DAF-B5FB-E921FA3041A7}.Debug|Any CPU.ActiveCfg = Debug|Any CPU
		{09A7AB14-0B20-4DAF-B5FB-E921FA3041A7}.Debug|Any CPU.Build.0 = Debug|Any CPU
		{09A7AB14-0B20-4DAF-B5FB-E921FA3041A7}.Debug|Mixed Platforms.ActiveCfg = Debug|Any CPU
		{09A7AB14-0B20-4DAF-B5FB-E921FA3041A7}.Debug|Mixed Platforms.Build.0 = Debug|Any CPU
		{09A7AB14-0B20-4DAF-B5FB-E921FA3041A7}.Debug|x86.ActiveCfg = Debug|Any CPU
		{09A7AB14-0B20-4DAF-B5FB-E921FA3041A7}.Release|Any CPU.ActiveCfg = Release|Any CPU
		{09A7AB14-0B20-4DAF-B5FB-E921FA3041A7}.Release|Any CPU.Build.0 = Release|Any CPU
		{09A7AB14-0B20-4DAF-B5FB-E921FA3041A7}.Release|Mixed Platforms.ActiveCfg = Release|Any CPU
		{09A7AB14-0B20-4DAF-B5FB-E921FA3041A7}.Release|Mixed Platforms.Build.0 = Release|Any CPU
		{09A7AB14-0B20-4DAF-B5FB-E921FA3041A7}.Release|x86.ActiveCfg = Release|Any CPU
		{6E38E6A9-C148-4063-90BC-3E2F0036E4FF}.Debug|Any CPU.ActiveCfg = Debug|Any CPU
		{6E38E6A9-C148-4063-90BC-3E2F0036E4FF}.Debug|Any CPU.Build.0 = Debug|Any CPU
		{6E38E6A9-C148-4063-90BC-3E2F0036E4FF}.Debug|Mixed Platforms.ActiveCfg = Debug|Any CPU
		{6E38E6A9-C148-4063-90BC-3E2F0036E4FF}.Debug|Mixed Platforms.Build.0 = Debug|Any CPU
		{6E38E6A9-C148-4063-90BC-3E2F0036E4FF}.Debug|x86.ActiveCfg = Debug|Any CPU
		{6E38E6A9-C148-4063-90BC-3E2F0036E4FF}.Release|Any CPU.ActiveCfg = Release|Any CPU
		{6E38E6A9-C148-4063-90BC-3E2F0036E4FF}.Release|Any CPU.Build.0 = Release|Any CPU
		{6E38E6A9-C148-4063-90BC-3E2F0036E4FF}.Release|Mixed Platforms.ActiveCfg = Release|Any CPU
		{6E38E6A9-C148-4063-90BC-3E2F0036E4FF}.Release|Mixed Platforms.Build.0 = Release|Any CPU
		{6E38E6A9-C148-4063-90BC-3E2F0036E4FF}.Release|x86.ActiveCfg = Release|Any CPU
		{B72BC187-1BE4-4A3D-A7ED-09F9E759455B}.Debug|Any CPU.ActiveCfg = Debug|Any CPU
		{B72BC187-1BE4-4A3D-A7ED-09F9E759455B}.Debug|Any CPU.Build.0 = Debug|Any CPU
		{B72BC187-1BE4-4A3D-A7ED-09F9E759455B}.Debug|Mixed Platforms.ActiveCfg = Debug|Any CPU
		{B72BC187-1BE4-4A3D-A7ED-09F9E759455B}.Debug|Mixed Platforms.Build.0 = Debug|Any CPU
		{B72BC187-1BE4-4A3D-A7ED-09F9E759455B}.Debug|x86.ActiveCfg = Debug|Any CPU
		{B72BC187-1BE4-4A3D-A7ED-09F9E759455B}.Release|Any CPU.ActiveCfg = Release|Any CPU
		{B72BC187-1BE4-4A3D-A7ED-09F9E759455B}.Release|Any CPU.Build.0 = Release|Any CPU
		{B72BC187-1BE4-4A3D-A7ED-09F9E759455B}.Release|Mixed Platforms.ActiveCfg = Release|Any CPU
		{B72BC187-1BE4-4A3D-A7ED-09F9E759455B}.Release|Mixed Platforms.Build.0 = Release|Any CPU
		{B72BC187-1BE4-4A3D-A7ED-09F9E759455B}.Release|x86.ActiveCfg = Release|Any CPU
	EndGlobalSection
	GlobalSection(SolutionProperties) = preSolution
		HideSolutionNode = FALSE
	EndGlobalSection
	GlobalSection(Performance) = preSolution
		HasPerformanceSessions = true
	EndGlobalSection
EndGlobal
